
Microsoft Visual Studio Solution File, Format Version 12.00
# Visual Studio Version 17
VisualStudioVersion = 17.8.34309.116
MinimumVisualStudioVersion = 10.0.40219.1
Project("{9A19103F-16F7-4668-BE54-9A1E7A4F7556}") = "eComm.API", "eComm.API.csproj", "{04E623D2-0CBE-4DA3-A68F-58F91C6F1DFC}"
EndProject
Project("{9A19103F-16F7-4668-BE54-9A1E7A4F7556}") = "eComm.DOMAIN", "..\eComm.DOMAIN\eComm.DOMAIN.csproj", "{9832F2BE-44DA-46C8-A86A-165DDEC8220F}"
EndProject
Project("{9A19103F-16F7-4668-BE54-9A1E7A4F7556}") = "eComm.APPLICATION", "..\eComm.APPLICATION\eComm.APPLICATION.csproj", "{532F39B6-E949-4346-BCDB-16DACF251A24}"
EndProject
Project("{9A19103F-16F7-4668-BE54-9A1E7A4F7556}") = "eComm.INFRASTRUCTURE", "..\eComm.INFRASTRUCTURE\eComm.INFRASTRUCTURE.csproj", "{E9A754F2-D27D-4451-A581-D61A718B7E56}"
EndProject
Project("{9A19103F-16F7-4668-BE54-9A1E7A4F7556}") = "eComm.PERSISTENCE", "..\eComm.PERSISTENCE\eComm.PERSISTENCE.csproj", "{439C1B97-C97A-4391-A5AF-D021B17326C2}"
EndProject
Project("{2150E333-8FDC-42A3-9474-1A3956D46DE8}") = "tests", "tests", "{17364BC5-D6BC-4209-9C20-A017FA1D147E}"
EndProject
Project("{9A19103F-16F7-4668-BE54-9A1E7A4F7556}") = "eComm.IntegrationTests", "..\tests\eComm.IntegrationTests\eComm.IntegrationTests.csproj", "{AB2FEACD-D326-4DAB-9D55-6D360FC64477}"
EndProject
Project("{FAE04EC0-301F-11D3-BF4B-00C04F79EFBC}") = "eComm.UnitTests", "..\tests\eComm.UnitTests\eComm.UnitTests.csproj", "{DFEBBE24-1675-4D50-8596-DBD60E925BA5}"
EndProject
Global
	GlobalSection(SolutionConfigurationPlatforms) = preSolution
		Debug|Any CPU = Debug|Any CPU
		Release|Any CPU = Release|Any CPU
	EndGlobalSection
	GlobalSection(ProjectConfigurationPlatforms) = postSolution
		{04E623D2-0CBE-4DA3-A68F-58F91C6F1DFC}.Debug|Any CPU.ActiveCfg = Debug|Any CPU
		{04E623D2-0CBE-4DA3-A68F-58F91C6F1DFC}.Debug|Any CPU.Build.0 = Debug|Any CPU
		{04E623D2-0CBE-4DA3-A68F-58F91C6F1DFC}.Release|Any CPU.ActiveCfg = Release|Any CPU
		{04E623D2-0CBE-4DA3-A68F-58F91C6F1DFC}.Release|Any CPU.Build.0 = Release|Any CPU
		{9832F2BE-44DA-46C8-A86A-165DDEC8220F}.Debug|Any CPU.ActiveCfg = Debug|Any CPU
		{9832F2BE-44DA-46C8-A86A-165DDEC8220F}.Debug|Any CPU.Build.0 = Debug|Any CPU
		{9832F2BE-44DA-46C8-A86A-165DDEC8220F}.Release|Any CPU.ActiveCfg = Release|Any CPU
		{9832F2BE-44DA-46C8-A86A-165DDEC8220F}.Release|Any CPU.Build.0 = Release|Any CPU
		{532F39B6-E949-4346-BCDB-16DACF251A24}.Debug|Any CPU.ActiveCfg = Debug|Any CPU
		{532F39B6-E949-4346-BCDB-16DACF251A24}.Debug|Any CPU.Build.0 = Debug|Any CPU
		{532F39B6-E949-4346-BCDB-16DACF251A24}.Release|Any CPU.ActiveCfg = Release|Any CPU
		{532F39B6-E949-4346-BCDB-16DACF251A24}.Release|Any CPU.Build.0 = Release|Any CPU
		{E9A754F2-D27D-4451-A581-D61A718B7E56}.Debug|Any CPU.ActiveCfg = Debug|Any CPU
		{E9A754F2-D27D-4451-A581-D61A718B7E56}.Debug|Any CPU.Build.0 = Debug|Any CPU
		{E9A754F2-D27D-4451-A581-D61A718B7E56}.Release|Any CPU.ActiveCfg = Release|Any CPU
		{E9A754F2-D27D-4451-A581-D61A718B7E56}.Release|Any CPU.Build.0 = Release|Any CPU
		{439C1B97-C97A-4391-A5AF-D021B17326C2}.Debug|Any CPU.ActiveCfg = Debug|Any CPU
		{439C1B97-C97A-4391-A5AF-D021B17326C2}.Debug|Any CPU.Build.0 = Debug|Any CPU
		{439C1B97-C97A-4391-A5AF-D021B17326C2}.Release|Any CPU.ActiveCfg = Release|Any CPU
		{439C1B97-C97A-4391-A5AF-D021B17326C2}.Release|Any CPU.Build.0 = Release|Any CPU
		{AB2FEACD-D326-4DAB-9D55-6D360FC64477}.Debug|Any CPU.ActiveCfg = Debug|Any CPU
		{AB2FEACD-D326-4DAB-9D55-6D360FC64477}.Debug|Any CPU.Build.0 = Debug|Any CPU
		{AB2FEACD-D326-4DAB-9D55-6D360FC64477}.Release|Any CPU.ActiveCfg = Release|Any CPU
		{AB2FEACD-D326-4DAB-9D55-6D360FC64477}.Release|Any CPU.Build.0 = Release|Any CPU
		{DFEBBE24-1675-4D50-8596-DBD60E925BA5}.Debug|Any CPU.ActiveCfg = Debug|Any CPU
		{DFEBBE24-1675-4D50-8596-DBD60E925BA5}.Debug|Any CPU.Build.0 = Debug|Any CPU
		{DFEBBE24-1675-4D50-8596-DBD60E925BA5}.Release|Any CPU.ActiveCfg = Release|Any CPU
		{DFEBBE24-1675-4D50-8596-DBD60E925BA5}.Release|Any CPU.Build.0 = Release|Any CPU
	EndGlobalSection
	GlobalSection(SolutionProperties) = preSolution
		HideSolutionNode = FALSE
	EndGlobalSection
	GlobalSection(NestedProjects) = preSolution
		{AB2FEACD-D326-4DAB-9D55-6D360FC64477} = {17364BC5-D6BC-4209-9C20-A017FA1D147E}
		{DFEBBE24-1675-4D50-8596-DBD60E925BA5} = {17364BC5-D6BC-4209-9C20-A017FA1D147E}
	EndGlobalSection
	GlobalSection(ExtensibilityGlobals) = postSolution
		SolutionGuid = {BFC1A213-B7FD-4E22-9E6F-7C7C07E37FF8}
	EndGlobalSection
EndGlobal
